{
  "requires": true,
  "lockfileVersion": 1,
  "dependencies": {
    "@ciar4n/izmir": {
      "version": "1.0.1",
      "resolved": "https://registry.npmjs.org/@ciar4n/izmir/-/izmir-1.0.1.tgz",
      "integrity": "sha512-ZrGBqDxwLyZ9hLnH/E5zD8fJZDTNx3+XSh/7poUX7zxcPCSbAnX/1pkYbYaHNhLKANEizp1YEPI3EzRFeY6M/Q=="
    }
  }
}
